// !$*UTF8*$!
{
	archiveVersion = 1;
	classes = {
	};
	objectVersion = 56;
	objects = {

/* Begin PBXBuildFile section */
		74062B3A29DC0BED00546886 /* mapbox_testApp.swift in Sources */ = {isa = PBXBuildFile; fileRef = 74062B3929DC0BED00546886 /* mapbox_testApp.swift */; };
		74062B3C29DC0BED00546886 /* ContentView.swift in Sources */ = {isa = PBXBuildFile; fileRef = 74062B3B29DC0BED00546886 /* ContentView.swift */; };
		74062B3E29DC0BEE00546886 /* Assets.xcassets in Resources */ = {isa = PBXBuildFile; fileRef = 74062B3D29DC0BEE00546886 /* Assets.xcassets */; };
		74062B4229DC0BEE00546886 /* Preview Assets.xcassets in Resources */ = {isa = PBXBuildFile; fileRef = 74062B4129DC0BEE00546886 /* Preview Assets.xcassets */; };
		74062B4C29DC0BEE00546886 /* mapbox_testTests.swift in Sources */ = {isa = PBXBuildFile; fileRef = 74062B4B29DC0BEE00546886 /* mapbox_testTests.swift */; };
		74062B5629DC0BEE00546886 /* mapbox_testUITests.swift in Sources */ = {isa = PBXBuildFile; fileRef = 74062B5529DC0BEE00546886 /* mapbox_testUITests.swift */; };
		74062B5829DC0BEE00546886 /* mapbox_testUITestsLaunchTests.swift in Sources */ = {isa = PBXBuildFile; fileRef = 74062B5729DC0BEE00546886 /* mapbox_testUITestsLaunchTests.swift */; };
		7417E2BF2A6F91CC0080E0D9 /* TabTeamView.swift in Sources */ = {isa = PBXBuildFile; fileRef = 7417E2BE2A6F91CC0080E0D9 /* TabTeamView.swift */; };
		7417E2C12A6F96800080E0D9 /* TabLogView.swift in Sources */ = {isa = PBXBuildFile; fileRef = 7417E2C02A6F967F0080E0D9 /* TabLogView.swift */; };
		7417E2C42A6FA6A70080E0D9 /* AppControl.swift in Sources */ = {isa = PBXBuildFile; fileRef = 7417E2C32A6FA6A70080E0D9 /* AppControl.swift */; };
		747E91172A81F10A0022FAA9 /* MapModel.swift in Sources */ = {isa = PBXBuildFile; fileRef = 747E91162A81F10A0022FAA9 /* MapModel.swift */; };
		74B71FA729F27DD000691BE0 /* TabMapView.swift in Sources */ = {isa = PBXBuildFile; fileRef = 74B71FA629F27DD000691BE0 /* TabMapView.swift */; };
		74B71FAA29F280D800691BE0 /* ResizableSheet in Frameworks */ = {isa = PBXBuildFile; productRef = 74B71FA929F280D800691BE0 /* ResizableSheet */; };
		74C6E67D2A831265008A6218 /* TabMypageView.swift in Sources */ = {isa = PBXBuildFile; fileRef = 74C6E67C2A831265008A6218 /* TabMypageView.swift */; };
		74DFE37929DC232C00DE6AAA /* MapboxMaps in Frameworks */ = {isa = PBXBuildFile; productRef = 74DFE37829DC232C00DE6AAA /* MapboxMaps */; };
		74E692A429E40A4E00479126 /* blueprint_style.json in Resources */ = {isa = PBXBuildFile; fileRef = 74E692A329E40A4E00479126 /* blueprint_style.json */; };
		74E692A729E4DCED00479126 /* PanModal in Frameworks */ = {isa = PBXBuildFile; productRef = 74E692A629E4DCED00479126 /* PanModal */; };
		74E9D9E929DCF2C2006706F8 /* MapViewWrapper.swift in Sources */ = {isa = PBXBuildFile; fileRef = 74E9D9E829DCF2C2006706F8 /* MapViewWrapper.swift */; };
		74E9D9EB29DCF313006706F8 /* ViewController.swift in Sources */ = {isa = PBXBuildFile; fileRef = 74E9D9EA29DCF313006706F8 /* ViewController.swift */; };
/* End PBXBuildFile section */

/* Begin PBXContainerItemProxy section */
		74062B4829DC0BEE00546886 /* PBXContainerItemProxy */ = {
			isa = PBXContainerItemProxy;
			containerPortal = 74062B2E29DC0BED00546886 /* Project object */;
			proxyType = 1;
			remoteGlobalIDString = 74062B3529DC0BED00546886;
			remoteInfo = "mapbox-test";
		};
		74062B5229DC0BEE00546886 /* PBXContainerItemProxy */ = {
			isa = PBXContainerItemProxy;
			containerPortal = 74062B2E29DC0BED00546886 /* Project object */;
			proxyType = 1;
			remoteGlobalIDString = 74062B3529DC0BED00546886;
			remoteInfo = "mapbox-test";
		};
/* End PBXContainerItemProxy section */

/* Begin PBXCopyFilesBuildPhase section */
		74062B7C29DC1F8500546886 /* Embed Frameworks */ = {
			isa = PBXCopyFilesBuildPhase;
			buildActionMask = 2147483647;
			dstPath = "";
			dstSubfolderSpec = 10;
			files = (
			);
			name = "Embed Frameworks";
			runOnlyForDeploymentPostprocessing = 0;
		};
/* End PBXCopyFilesBuildPhase section */

/* Begin PBXFileReference section */
		74062B3629DC0BED00546886 /* mapbox-test.app */ = {isa = PBXFileReference; explicitFileType = wrapper.application; includeInIndex = 0; path = "mapbox-test.app"; sourceTree = BUILT_PRODUCTS_DIR; };
		74062B3929DC0BED00546886 /* mapbox_testApp.swift */ = {isa = PBXFileReference; lastKnownFileType = sourcecode.swift; path = mapbox_testApp.swift; sourceTree = "<group>"; };
		74062B3B29DC0BED00546886 /* ContentView.swift */ = {isa = PBXFileReference; lastKnownFileType = sourcecode.swift; path = ContentView.swift; sourceTree = "<group>"; };
		74062B3D29DC0BEE00546886 /* Assets.xcassets */ = {isa = PBXFileReference; lastKnownFileType = folder.assetcatalog; path = Assets.xcassets; sourceTree = "<group>"; };
		74062B3F29DC0BEE00546886 /* mapbox_test.entitlements */ = {isa = PBXFileReference; lastKnownFileType = text.plist.entitlements; path = mapbox_test.entitlements; sourceTree = "<group>"; };
		74062B4129DC0BEE00546886 /* Preview Assets.xcassets */ = {isa = PBXFileReference; lastKnownFileType = folder.assetcatalog; path = "Preview Assets.xcassets"; sourceTree = "<group>"; };
		74062B4729DC0BEE00546886 /* mapbox-testTests.xctest */ = {isa = PBXFileReference; explicitFileType = wrapper.cfbundle; includeInIndex = 0; path = "mapbox-testTests.xctest"; sourceTree = BUILT_PRODUCTS_DIR; };
		74062B4B29DC0BEE00546886 /* mapbox_testTests.swift */ = {isa = PBXFileReference; lastKnownFileType = sourcecode.swift; path = mapbox_testTests.swift; sourceTree = "<group>"; };
		74062B5129DC0BEE00546886 /* mapbox-testUITests.xctest */ = {isa = PBXFileReference; explicitFileType = wrapper.cfbundle; includeInIndex = 0; path = "mapbox-testUITests.xctest"; sourceTree = BUILT_PRODUCTS_DIR; };
		74062B5529DC0BEE00546886 /* mapbox_testUITests.swift */ = {isa = PBXFileReference; lastKnownFileType = sourcecode.swift; path = mapbox_testUITests.swift; sourceTree = "<group>"; };
		74062B5729DC0BEE00546886 /* mapbox_testUITestsLaunchTests.swift */ = {isa = PBXFileReference; lastKnownFileType = sourcecode.swift; path = mapbox_testUITestsLaunchTests.swift; sourceTree = "<group>"; };
		74062B6429DC145E00546886 /* Info.plist */ = {isa = PBXFileReference; lastKnownFileType = text.plist; path = Info.plist; sourceTree = "<group>"; };
		7417E2BE2A6F91CC0080E0D9 /* TabTeamView.swift */ = {isa = PBXFileReference; lastKnownFileType = sourcecode.swift; path = TabTeamView.swift; sourceTree = "<group>"; };
		7417E2C02A6F967F0080E0D9 /* TabLogView.swift */ = {isa = PBXFileReference; lastKnownFileType = sourcecode.swift; path = TabLogView.swift; sourceTree = "<group>"; };
		7417E2C32A6FA6A70080E0D9 /* AppControl.swift */ = {isa = PBXFileReference; lastKnownFileType = sourcecode.swift; path = AppControl.swift; sourceTree = "<group>"; };
		747E91162A81F10A0022FAA9 /* MapModel.swift */ = {isa = PBXFileReference; lastKnownFileType = sourcecode.swift; path = MapModel.swift; sourceTree = "<group>"; };
		74B71FA629F27DD000691BE0 /* TabMapView.swift */ = {isa = PBXFileReference; lastKnownFileType = sourcecode.swift; path = TabMapView.swift; sourceTree = "<group>"; };
		74C6E67C2A831265008A6218 /* TabMypageView.swift */ = {isa = PBXFileReference; lastKnownFileType = sourcecode.swift; path = TabMypageView.swift; sourceTree = "<group>"; };
		74E692A329E40A4E00479126 /* blueprint_style.json */ = {isa = PBXFileReference; lastKnownFileType = text.json; path = blueprint_style.json; sourceTree = "<group>"; };
		74E9D9E829DCF2C2006706F8 /* MapViewWrapper.swift */ = {isa = PBXFileReference; lastKnownFileType = sourcecode.swift; path = MapViewWrapper.swift; sourceTree = "<group>"; };
		74E9D9EA29DCF313006706F8 /* ViewController.swift */ = {isa = PBXFileReference; lastKnownFileType = sourcecode.swift; path = ViewController.swift; sourceTree = "<group>"; };
/* End PBXFileReference section */

/* Begin PBXFrameworksBuildPhase section */
		74062B3329DC0BED00546886 /* Frameworks */ = {
			isa = PBXFrameworksBuildPhase;
			buildActionMask = 2147483647;
			files = (
				74B71FAA29F280D800691BE0 /* ResizableSheet in Frameworks */,
				74E692A729E4DCED00479126 /* PanModal in Frameworks */,
				74DFE37929DC232C00DE6AAA /* MapboxMaps in Frameworks */,
			);
			runOnlyForDeploymentPostprocessing = 0;
		};
		74062B4429DC0BEE00546886 /* Frameworks */ = {
			isa = PBXFrameworksBuildPhase;
			buildActionMask = 2147483647;
			files = (
			);
			runOnlyForDeploymentPostprocessing = 0;
		};
		74062B4E29DC0BEE00546886 /* Frameworks */ = {
			isa = PBXFrameworksBuildPhase;
			buildActionMask = 2147483647;
			files = (
			);
			runOnlyForDeploymentPostprocessing = 0;
		};
/* End PBXFrameworksBuildPhase section */

/* Begin PBXGroup section */
		74062B2D29DC0BED00546886 = {
			isa = PBXGroup;
			children = (
				74062B3829DC0BED00546886 /* mapbox-test */,
				74062B4A29DC0BEE00546886 /* mapbox-testTests */,
				74062B5429DC0BEE00546886 /* mapbox-testUITests */,
				74062B3729DC0BED00546886 /* Products */,
			);
			sourceTree = "<group>";
		};
		74062B3729DC0BED00546886 /* Products */ = {
			isa = PBXGroup;
			children = (
				74062B3629DC0BED00546886 /* mapbox-test.app */,
				74062B4729DC0BEE00546886 /* mapbox-testTests.xctest */,
				74062B5129DC0BEE00546886 /* mapbox-testUITests.xctest */,
			);
			name = Products;
			sourceTree = "<group>";
		};
		74062B3829DC0BED00546886 /* mapbox-test */ = {
			isa = PBXGroup;
			children = (
				7417E2C22A6FA6860080E0D9 /* Common */,
				74B71FA329F27BCA00691BE0 /* TabItem */,
				742A713C29F019580074FCAE /* MainView */,
				74E692A229E409FE00479126 /* Sample Data */,
				74969D3E29DDA8CB00C7C8CB /* Models */,
				74062B6429DC145E00546886 /* Info.plist */,
				74062B3929DC0BED00546886 /* mapbox_testApp.swift */,
				74062B3B29DC0BED00546886 /* ContentView.swift */,
				74062B3D29DC0BEE00546886 /* Assets.xcassets */,
				74062B3F29DC0BEE00546886 /* mapbox_test.entitlements */,
				74062B4029DC0BEE00546886 /* Preview Content */,
			);
			path = "mapbox-test";
			sourceTree = "<group>";
		};
		74062B4029DC0BEE00546886 /* Preview Content */ = {
			isa = PBXGroup;
			children = (
				74062B4129DC0BEE00546886 /* Preview Assets.xcassets */,
			);
			path = "Preview Content";
			sourceTree = "<group>";
		};
		74062B4A29DC0BEE00546886 /* mapbox-testTests */ = {
			isa = PBXGroup;
			children = (
				74062B4B29DC0BEE00546886 /* mapbox_testTests.swift */,
			);
			path = "mapbox-testTests";
			sourceTree = "<group>";
		};
		74062B5429DC0BEE00546886 /* mapbox-testUITests */ = {
			isa = PBXGroup;
			children = (
				74062B5529DC0BEE00546886 /* mapbox_testUITests.swift */,
				74062B5729DC0BEE00546886 /* mapbox_testUITestsLaunchTests.swift */,
			);
			path = "mapbox-testUITests";
			sourceTree = "<group>";
		};
		7417E2C22A6FA6860080E0D9 /* Common */ = {
			isa = PBXGroup;
			children = (
				7417E2C32A6FA6A70080E0D9 /* AppControl.swift */,
			);
			path = Common;
			sourceTree = "<group>";
		};
		742A713C29F019580074FCAE /* MainView */ = {
			isa = PBXGroup;
			children = (
				74E9D9E829DCF2C2006706F8 /* MapViewWrapper.swift */,
				74E9D9EA29DCF313006706F8 /* ViewController.swift */,
			);
			path = MainView;
			sourceTree = "<group>";
		};
		74969D3E29DDA8CB00C7C8CB /* Models */ = {
			isa = PBXGroup;
			children = (
				747E91162A81F10A0022FAA9 /* MapModel.swift */,
			);
			path = Models;
			sourceTree = "<group>";
		};
		74B71FA329F27BCA00691BE0 /* TabItem */ = {
			isa = PBXGroup;
			children = (
				74B71FA629F27DD000691BE0 /* TabMapView.swift */,
				7417E2BE2A6F91CC0080E0D9 /* TabTeamView.swift */,
				7417E2C02A6F967F0080E0D9 /* TabLogView.swift */,
				74C6E67C2A831265008A6218 /* TabMypageView.swift */,
			);
			path = TabItem;
			sourceTree = "<group>";
		};
		74E692A229E409FE00479126 /* Sample Data */ = {
			isa = PBXGroup;
			children = (
				74E692A329E40A4E00479126 /* blueprint_style.json */,
			);
			path = "Sample Data";
			sourceTree = "<group>";
		};
/* End PBXGroup section */

/* Begin PBXNativeTarget section */
		74062B3529DC0BED00546886 /* mapbox-test */ = {
			isa = PBXNativeTarget;
			buildConfigurationList = 74062B5B29DC0BEE00546886 /* Build configuration list for PBXNativeTarget "mapbox-test" */;
			buildPhases = (
				74062B3229DC0BED00546886 /* Sources */,
				74062B3329DC0BED00546886 /* Frameworks */,
				74062B3429DC0BED00546886 /* Resources */,
				74062B6529DC154300546886 /* ShellScript */,
				74062B7C29DC1F8500546886 /* Embed Frameworks */,
			);
			buildRules = (
			);
			dependencies = (
			);
			name = "mapbox-test";
			packageProductDependencies = (
				74DFE37829DC232C00DE6AAA /* MapboxMaps */,
				74E692A629E4DCED00479126 /* PanModal */,
				74B71FA929F280D800691BE0 /* ResizableSheet */,
			);
			productName = "mapbox-test";
			productReference = 74062B3629DC0BED00546886 /* mapbox-test.app */;
			productType = "com.apple.product-type.application";
		};
		74062B4629DC0BEE00546886 /* mapbox-testTests */ = {
			isa = PBXNativeTarget;
			buildConfigurationList = 74062B5E29DC0BEE00546886 /* Build configuration list for PBXNativeTarget "mapbox-testTests" */;
			buildPhases = (
				74062B4329DC0BEE00546886 /* Sources */,
				74062B4429DC0BEE00546886 /* Frameworks */,
				74062B4529DC0BEE00546886 /* Resources */,
			);
			buildRules = (
			);
			dependencies = (
				74062B4929DC0BEE00546886 /* PBXTargetDependency */,
			);
			name = "mapbox-testTests";
			productName = "mapbox-testTests";
			productReference = 74062B4729DC0BEE00546886 /* mapbox-testTests.xctest */;
			productType = "com.apple.product-type.bundle.unit-test";
		};
		74062B5029DC0BEE00546886 /* mapbox-testUITests */ = {
			isa = PBXNativeTarget;
			buildConfigurationList = 74062B6129DC0BEE00546886 /* Build configuration list for PBXNativeTarget "mapbox-testUITests" */;
			buildPhases = (
				74062B4D29DC0BEE00546886 /* Sources */,
				74062B4E29DC0BEE00546886 /* Frameworks */,
				74062B4F29DC0BEE00546886 /* Resources */,
			);
			buildRules = (
			);
			dependencies = (
				74062B5329DC0BEE00546886 /* PBXTargetDependency */,
			);
			name = "mapbox-testUITests";
			productName = "mapbox-testUITests";
			productReference = 74062B5129DC0BEE00546886 /* mapbox-testUITests.xctest */;
			productType = "com.apple.product-type.bundle.ui-testing";
		};
/* End PBXNativeTarget section */

/* Begin PBXProject section */
		74062B2E29DC0BED00546886 /* Project object */ = {
			isa = PBXProject;
			attributes = {
				BuildIndependentTargetsInParallel = 1;
				LastSwiftUpdateCheck = 1420;
				LastUpgradeCheck = 1420;
				TargetAttributes = {
					74062B3529DC0BED00546886 = {
						CreatedOnToolsVersion = 14.2;
					};
					74062B4629DC0BEE00546886 = {
						CreatedOnToolsVersion = 14.2;
						TestTargetID = 74062B3529DC0BED00546886;
					};
					74062B5029DC0BEE00546886 = {
						CreatedOnToolsVersion = 14.2;
						TestTargetID = 74062B3529DC0BED00546886;
					};
				};
			};
			buildConfigurationList = 74062B3129DC0BED00546886 /* Build configuration list for PBXProject "mapbox-test" */;
			compatibilityVersion = "Xcode 14.0";
			developmentRegion = en;
			hasScannedForEncodings = 0;
			knownRegions = (
				en,
				Base,
			);
			mainGroup = 74062B2D29DC0BED00546886;
			packageReferences = (
				74DFE37729DC232C00DE6AAA /* XCRemoteSwiftPackageReference "mapbox-maps-ios" */,
				74E692A529E4DCED00479126 /* XCRemoteSwiftPackageReference "PanModal" */,
				74B71FA829F280D800691BE0 /* XCRemoteSwiftPackageReference "ResizableSheet" */,
			);
			productRefGroup = 74062B3729DC0BED00546886 /* Products */;
			projectDirPath = "";
			projectRoot = "";
			targets = (
				74062B3529DC0BED00546886 /* mapbox-test */,
				74062B4629DC0BEE00546886 /* mapbox-testTests */,
				74062B5029DC0BEE00546886 /* mapbox-testUITests */,
			);
		};
/* End PBXProject section */

/* Begin PBXResourcesBuildPhase section */
		74062B3429DC0BED00546886 /* Resources */ = {
			isa = PBXResourcesBuildPhase;
			buildActionMask = 2147483647;
			files = (
				74062B4229DC0BEE00546886 /* Preview Assets.xcassets in Resources */,
				74062B3E29DC0BEE00546886 /* Assets.xcassets in Resources */,
				74E692A429E40A4E00479126 /* blueprint_style.json in Resources */,
			);
			runOnlyForDeploymentPostprocessing = 0;
		};
		74062B4529DC0BEE00546886 /* Resources */ = {
			isa = PBXResourcesBuildPhase;
			buildActionMask = 2147483647;
			files = (
			);
			runOnlyForDeploymentPostprocessing = 0;
		};
		74062B4F29DC0BEE00546886 /* Resources */ = {
			isa = PBXResourcesBuildPhase;
			buildActionMask = 2147483647;
			files = (
			);
			runOnlyForDeploymentPostprocessing = 0;
		};
/* End PBXResourcesBuildPhase section */

/* Begin PBXShellScriptBuildPhase section */
		74062B6529DC154300546886 /* ShellScript */ = {
			isa = PBXShellScriptBuildPhase;
			buildActionMask = 2147483647;
			files = (
			);
			inputFileListPaths = (
			);
			inputPaths = (
				"$(TARGET_BUILD_DIR)/$(INFOPLIST_PATH)",
			);
			outputFileListPaths = (
			);
			outputPaths = (
			);
			runOnlyForDeploymentPostprocessing = 0;
			shellPath = /bin/sh;
			shellScript = "# Type a script or drag a script file from your workspace to insert its path.\ntoken_file=~/.mapbox\ntoken_file2=~/mapbox\ntoken=\"$(cat $token_file 2>/dev/null || cat $token_file2 2>/dev/null)\"\nif [ \"$token\" ]; then\n  plutil -replace MBXAccessToken -string $token \"$TARGET_BUILD_DIR/$INFOPLIST_PATH\"\nelse\n  echo 'warning: Missing Mapbox access token'\n  open 'https://account.mapbox.com/access-tokens/'\n  echo \"warning: Get an access token from <https://account.mapbox.com/access-tokens/>, then create a new file at $token_file or $token_file2 that contains the access token.\"\nfi\n";
		};
/* End PBXShellScriptBuildPhase section */

/* Begin PBXSourcesBuildPhase section */
		74062B3229DC0BED00546886 /* Sources */ = {
			isa = PBXSourcesBuildPhase;
			buildActionMask = 2147483647;
			files = (
				7417E2C42A6FA6A70080E0D9 /* AppControl.swift in Sources */,
				74E9D9E929DCF2C2006706F8 /* MapViewWrapper.swift in Sources */,
				7417E2BF2A6F91CC0080E0D9 /* TabTeamView.swift in Sources */,
				74C6E67D2A831265008A6218 /* TabMypageView.swift in Sources */,
				74062B3C29DC0BED00546886 /* ContentView.swift in Sources */,
				74B71FA729F27DD000691BE0 /* TabMapView.swift in Sources */,
				7417E2C12A6F96800080E0D9 /* TabLogView.swift in Sources */,
				74E9D9EB29DCF313006706F8 /* ViewController.swift in Sources */,
				747E91172A81F10A0022FAA9 /* MapModel.swift in Sources */,
				74062B3A29DC0BED00546886 /* mapbox_testApp.swift in Sources */,
			);
			runOnlyForDeploymentPostprocessing = 0;
		};
		74062B4329DC0BEE00546886 /* Sources */ = {
			isa = PBXSourcesBuildPhase;
			buildActionMask = 2147483647;
			files = (
				74062B4C29DC0BEE00546886 /* mapbox_testTests.swift in Sources */,
			);
			runOnlyForDeploymentPostprocessing = 0;
		};
		74062B4D29DC0BEE00546886 /* Sources */ = {
			isa = PBXSourcesBuildPhase;
			buildActionMask = 2147483647;
			files = (
				74062B5629DC0BEE00546886 /* mapbox_testUITests.swift in Sources */,
				74062B5829DC0BEE00546886 /* mapbox_testUITestsLaunchTests.swift in Sources */,
			);
			runOnlyForDeploymentPostprocessing = 0;
		};
/* End PBXSourcesBuildPhase section */

/* Begin PBXTargetDependency section */
		74062B4929DC0BEE00546886 /* PBXTargetDependency */ = {
			isa = PBXTargetDependency;
			target = 74062B3529DC0BED00546886 /* mapbox-test */;
			targetProxy = 74062B4829DC0BEE00546886 /* PBXContainerItemProxy */;
		};
		74062B5329DC0BEE00546886 /* PBXTargetDependency */ = {
			isa = PBXTargetDependency;
			target = 74062B3529DC0BED00546886 /* mapbox-test */;
			targetProxy = 74062B5229DC0BEE00546886 /* PBXContainerItemProxy */;
		};
/* End PBXTargetDependency section */

/* Begin XCBuildConfiguration section */
		74062B5929DC0BEE00546886 /* Debug */ = {
			isa = XCBuildConfiguration;
			buildSettings = {
				ALWAYS_SEARCH_USER_PATHS = NO;
				CLANG_ANALYZER_NONNULL = YES;
				CLANG_ANALYZER_NUMBER_OBJECT_CONVERSION = YES_AGGRESSIVE;
				CLANG_CXX_LANGUAGE_STANDARD = "gnu++20";
				CLANG_ENABLE_MODULES = YES;
				CLANG_ENABLE_OBJC_ARC = YES;
				CLANG_ENABLE_OBJC_WEAK = YES;
				CLANG_WARN_BLOCK_CAPTURE_AUTORELEASING = YES;
				CLANG_WARN_BOOL_CONVERSION = YES;
				CLANG_WARN_COMMA = YES;
				CLANG_WARN_CONSTANT_CONVERSION = YES;
				CLANG_WARN_DEPRECATED_OBJC_IMPLEMENTATIONS = YES;
				CLANG_WARN_DIRECT_OBJC_ISA_USAGE = YES_ERROR;
				CLANG_WARN_DOCUMENTATION_COMMENTS = YES;
				CLANG_WARN_EMPTY_BODY = YES;
				CLANG_WARN_ENUM_CONVERSION = YES;
				CLANG_WARN_INFINITE_RECURSION = YES;
				CLANG_WARN_INT_CONVERSION = YES;
				CLANG_WARN_NON_LITERAL_NULL_CONVERSION = YES;
				CLANG_WARN_OBJC_IMPLICIT_RETAIN_SELF = YES;
				CLANG_WARN_OBJC_LITERAL_CONVERSION = YES;
				CLANG_WARN_OBJC_ROOT_CLASS = YES_ERROR;
				CLANG_WARN_QUOTED_INCLUDE_IN_FRAMEWORK_HEADER = YES;
				CLANG_WARN_RANGE_LOOP_ANALYSIS = YES;
				CLANG_WARN_STRICT_PROTOTYPES = YES;
				CLANG_WARN_SUSPICIOUS_MOVE = YES;
				CLANG_WARN_UNGUARDED_AVAILABILITY = YES_AGGRESSIVE;
				CLANG_WARN_UNREACHABLE_CODE = YES;
				CLANG_WARN__DUPLICATE_METHOD_MATCH = YES;
				COPY_PHASE_STRIP = NO;
				DEBUG_INFORMATION_FORMAT = dwarf;
				ENABLE_STRICT_OBJC_MSGSEND = YES;
				ENABLE_TESTABILITY = YES;
				GCC_C_LANGUAGE_STANDARD = gnu11;
				GCC_DYNAMIC_NO_PIC = NO;
				GCC_NO_COMMON_BLOCKS = YES;
				GCC_OPTIMIZATION_LEVEL = 0;
				GCC_PREPROCESSOR_DEFINITIONS = (
					"DEBUG=1",
					"$(inherited)",
				);
				GCC_WARN_64_TO_32_BIT_CONVERSION = YES;
				GCC_WARN_ABOUT_RETURN_TYPE = YES_ERROR;
				GCC_WARN_UNDECLARED_SELECTOR = YES;
				GCC_WARN_UNINITIALIZED_AUTOS = YES_AGGRESSIVE;
				GCC_WARN_UNUSED_FUNCTION = YES;
				GCC_WARN_UNUSED_VARIABLE = YES;
				MTL_ENABLE_DEBUG_INFO = INCLUDE_SOURCE;
				MTL_FAST_MATH = YES;
				ONLY_ACTIVE_ARCH = YES;
				SWIFT_ACTIVE_COMPILATION_CONDITIONS = DEBUG;
				SWIFT_OPTIMIZATION_LEVEL = "-Onone";
			};
			name = Debug;
		};
		74062B5A29DC0BEE00546886 /* Release */ = {
			isa = XCBuildConfiguration;
			buildSettings = {
				ALWAYS_SEARCH_USER_PATHS = NO;
				CLANG_ANALYZER_NONNULL = YES;
				CLANG_ANALYZER_NUMBER_OBJECT_CONVERSION = YES_AGGRESSIVE;
				CLANG_CXX_LANGUAGE_STANDARD = "gnu++20";
				CLANG_ENABLE_MODULES = YES;
				CLANG_ENABLE_OBJC_ARC = YES;
				CLANG_ENABLE_OBJC_WEAK = YES;
				CLANG_WARN_BLOCK_CAPTURE_AUTORELEASING = YES;
				CLANG_WARN_BOOL_CONVERSION = YES;
				CLANG_WARN_COMMA = YES;
				CLANG_WARN_CONSTANT_CONVERSION = YES;
				CLANG_WARN_DEPRECATED_OBJC_IMPLEMENTATIONS = YES;
				CLANG_WARN_DIRECT_OBJC_ISA_USAGE = YES_ERROR;
				CLANG_WARN_DOCUMENTATION_COMMENTS = YES;
				CLANG_WARN_EMPTY_BODY = YES;
				CLANG_WARN_ENUM_CONVERSION = YES;
				CLANG_WARN_INFINITE_RECURSION = YES;
				CLANG_WARN_INT_CONVERSION = YES;
				CLANG_WARN_NON_LITERAL_NULL_CONVERSION = YES;
				CLANG_WARN_OBJC_IMPLICIT_RETAIN_SELF = YES;
				CLANG_WARN_OBJC_LITERAL_CONVERSION = YES;
				CLANG_WARN_OBJC_ROOT_CLASS = YES_ERROR;
				CLANG_WARN_QUOTED_INCLUDE_IN_FRAMEWORK_HEADER = YES;
				CLANG_WARN_RANGE_LOOP_ANALYSIS = YES;
				CLANG_WARN_STRICT_PROTOTYPES = YES;
				CLANG_WARN_SUSPICIOUS_MOVE = YES;
				CLANG_WARN_UNGUARDED_AVAILABILITY = YES_AGGRESSIVE;
				CLANG_WARN_UNREACHABLE_CODE = YES;
				CLANG_WARN__DUPLICATE_METHOD_MATCH = YES;
				COPY_PHASE_STRIP = NO;
				DEBUG_INFORMATION_FORMAT = "dwarf-with-dsym";
				ENABLE_NS_ASSERTIONS = NO;
				ENABLE_STRICT_OBJC_MSGSEND = YES;
				GCC_C_LANGUAGE_STANDARD = gnu11;
				GCC_NO_COMMON_BLOCKS = YES;
				GCC_WARN_64_TO_32_BIT_CONVERSION = YES;
				GCC_WARN_ABOUT_RETURN_TYPE = YES_ERROR;
				GCC_WARN_UNDECLARED_SELECTOR = YES;
				GCC_WARN_UNINITIALIZED_AUTOS = YES_AGGRESSIVE;
				GCC_WARN_UNUSED_FUNCTION = YES;
				GCC_WARN_UNUSED_VARIABLE = YES;
				MTL_ENABLE_DEBUG_INFO = NO;
				MTL_FAST_MATH = YES;
				SWIFT_COMPILATION_MODE = wholemodule;
				SWIFT_OPTIMIZATION_LEVEL = "-O";
			};
			name = Release;
		};
		74062B5C29DC0BEE00546886 /* Debug */ = {
			isa = XCBuildConfiguration;
			buildSettings = {
				ASSETCATALOG_COMPILER_APPICON_NAME = AppIcon;
				ASSETCATALOG_COMPILER_GLOBAL_ACCENT_COLOR_NAME = AccentColor;
				CODE_SIGN_ENTITLEMENTS = "mapbox-test/mapbox_test.entitlements";
				CODE_SIGN_STYLE = Automatic;
				CURRENT_PROJECT_VERSION = 1;
				DEVELOPMENT_ASSET_PATHS = "\"mapbox-test/Preview Content\"";
				DEVELOPMENT_TEAM = Y8CEDURR83;
				ENABLE_HARDENED_RUNTIME = YES;
				ENABLE_PREVIEWS = YES;
				GENERATE_INFOPLIST_FILE = YES;
				INFOPLIST_FILE = "mapbox-test/Info.plist";
				INFOPLIST_KEY_CFBundleDisplayName = "";
				INFOPLIST_KEY_LSApplicationCategoryType = "";
				"INFOPLIST_KEY_UIApplicationSceneManifest_Generation[sdk=iphoneos*]" = YES;
				"INFOPLIST_KEY_UIApplicationSceneManifest_Generation[sdk=iphonesimulator*]" = YES;
				"INFOPLIST_KEY_UIApplicationSupportsIndirectInputEvents[sdk=iphoneos*]" = YES;
				"INFOPLIST_KEY_UIApplicationSupportsIndirectInputEvents[sdk=iphonesimulator*]" = YES;
				"INFOPLIST_KEY_UILaunchScreen_Generation[sdk=iphoneos*]" = YES;
				"INFOPLIST_KEY_UILaunchScreen_Generation[sdk=iphonesimulator*]" = YES;
				"INFOPLIST_KEY_UIStatusBarStyle[sdk=iphoneos*]" = UIStatusBarStyleDefault;
				"INFOPLIST_KEY_UIStatusBarStyle[sdk=iphonesimulator*]" = UIStatusBarStyleDefault;
				INFOPLIST_KEY_UISupportedInterfaceOrientations_iPad = "UIInterfaceOrientationPortrait UIInterfaceOrientationPortraitUpsideDown UIInterfaceOrientationLandscapeLeft UIInterfaceOrientationLandscapeRight";
				INFOPLIST_KEY_UISupportedInterfaceOrientations_iPhone = "UIInterfaceOrientationPortrait UIInterfaceOrientationLandscapeLeft UIInterfaceOrientationLandscapeRight";
				IPHONEOS_DEPLOYMENT_TARGET = 16.2;
				LD_RUNPATH_SEARCH_PATHS = "@executable_path/Frameworks";
				"LD_RUNPATH_SEARCH_PATHS[sdk=macosx*]" = "@executable_path/../Frameworks";
				MACOSX_DEPLOYMENT_TARGET = 12.5;
				MARKETING_VERSION = 1.0;
				PRODUCT_BUNDLE_IDENTIFIER = "bytheway.mapbox-test";
				PRODUCT_NAME = "$(TARGET_NAME)";
				SDKROOT = auto;
				SUPPORTED_PLATFORMS = "iphoneos iphonesimulator macosx";
				SWIFT_EMIT_LOC_STRINGS = YES;
				SWIFT_VERSION = 5.0;
				TARGETED_DEVICE_FAMILY = "1,2";
			};
			name = Debug;
		};
		74062B5D29DC0BEE00546886 /* Release */ = {
			isa = XCBuildConfiguration;
			buildSettings = {
				ASSETCATALOG_COMPILER_APPICON_NAME = AppIcon;
				ASSETCATALOG_COMPILER_GLOBAL_ACCENT_COLOR_NAME = AccentColor;
				CODE_SIGN_ENTITLEMENTS = "mapbox-test/mapbox_test.entitlements";
				CODE_SIGN_STYLE = Automatic;
				CURRENT_PROJECT_VERSION = 1;
				DEVELOPMENT_ASSET_PATHS = "\"mapbox-test/Preview Content\"";
				DEVELOPMENT_TEAM = Y8CEDURR83;
				ENABLE_HARDENED_RUNTIME = YES;
				ENABLE_PREVIEWS = YES;
				GENERATE_INFOPLIST_FILE = YES;
				INFOPLIST_FILE = "mapbox-test/Info.plist";
				INFOPLIST_KEY_CFBundleDisplayName = "";
				INFOPLIST_KEY_LSApplicationCategoryType = "";
				"INFOPLIST_KEY_UIApplicationSceneManifest_Generation[sdk=iphoneos*]" = YES;
				"INFOPLIST_KEY_UIApplicationSceneManifest_Generation[sdk=iphonesimulator*]" = YES;
				"INFOPLIST_KEY_UIApplicationSupportsIndirectInputEvents[sdk=iphoneos*]" = YES;
				"INFOPLIST_KEY_UIApplicationSupportsIndirectInputEvents[sdk=iphonesimulator*]" = YES;
				"INFOPLIST_KEY_UILaunchScreen_Generation[sdk=iphoneos*]" = YES;
				"INFOPLIST_KEY_UILaunchScreen_Generation[sdk=iphonesimulator*]" = YES;
				"INFOPLIST_KEY_UIStatusBarStyle[sdk=iphoneos*]" = UIStatusBarStyleDefault;
				"INFOPLIST_KEY_UIStatusBarStyle[sdk=iphonesimulator*]" = UIStatusBarStyleDefault;
				INFOPLIST_KEY_UISupportedInterfaceOrientations_iPad = "UIInterfaceOrientationPortrait UIInterfaceOrientationPortraitUpsideDown UIInterfaceOrientationLandscapeLeft UIInterfaceOrientationLandscapeRight";
				INFOPLIST_KEY_UISupportedInterfaceOrientations_iPhone = "UIInterfaceOrientationPortrait UIInterfaceOrientationLandscapeLeft UIInterfaceOrientationLandscapeRight";
				IPHONEOS_DEPLOYMENT_TARGET = 16.2;
				LD_RUNPATH_SEARCH_PATHS = "@executable_path/Frameworks";
				"LD_RUNPATH_SEARCH_PATHS[sdk=macosx*]" = "@executable_path/../Frameworks";
				MACOSX_DEPLOYMENT_TARGET = 12.5;
				MARKETING_VERSION = 1.0;
				PRODUCT_BUNDLE_IDENTIFIER = "bytheway.mapbox-test";
				PRODUCT_NAME = "$(TARGET_NAME)";
				SDKROOT = auto;
				SUPPORTED_PLATFORMS = "iphoneos iphonesimulator macosx";
				SWIFT_EMIT_LOC_STRINGS = YES;
				SWIFT_VERSION = 5.0;
				TARGETED_DEVICE_FAMILY = "1,2";
			};
			name = Release;
		};
		74062B5F29DC0BEE00546886 /* Debug */ = {
			isa = XCBuildConfiguration;
			buildSettings = {
				ALWAYS_EMBED_SWIFT_STANDARD_LIBRARIES = YES;
				BUNDLE_LOADER = "$(TEST_HOST)";
				CODE_SIGN_STYLE = Automatic;
				CURRENT_PROJECT_VERSION = 1;
				DEVELOPMENT_TEAM = Y8CEDURR83;
				GENERATE_INFOPLIST_FILE = YES;
				IPHONEOS_DEPLOYMENT_TARGET = 16.2;
				MACOSX_DEPLOYMENT_TARGET = 12.5;
				MARKETING_VERSION = 1.0;
				PRODUCT_BUNDLE_IDENTIFIER = "bytheway.mapbox-testTests";
				PRODUCT_NAME = "$(TARGET_NAME)";
				SDKROOT = auto;
				SUPPORTED_PLATFORMS = "iphoneos iphonesimulator macosx";
				SWIFT_EMIT_LOC_STRINGS = NO;
				SWIFT_VERSION = 5.0;
				TARGETED_DEVICE_FAMILY = "1,2";
				TEST_HOST = "$(BUILT_PRODUCTS_DIR)/mapbox-test.app/$(BUNDLE_EXECUTABLE_FOLDER_PATH)/mapbox-test";
			};
			name = Debug;
		};
		74062B6029DC0BEE00546886 /* Release */ = {
			isa = XCBuildConfiguration;
			buildSettings = {
				ALWAYS_EMBED_SWIFT_STANDARD_LIBRARIES = YES;
				BUNDLE_LOADER = "$(TEST_HOST)";
				CODE_SIGN_STYLE = Automatic;
				CURRENT_PROJECT_VERSION = 1;
				DEVELOPMENT_TEAM = Y8CEDURR83;
				GENERATE_INFOPLIST_FILE = YES;
				IPHONEOS_DEPLOYMENT_TARGET = 16.2;
				MACOSX_DEPLOYMENT_TARGET = 12.5;
				MARKETING_VERSION = 1.0;
				PRODUCT_BUNDLE_IDENTIFIER = "bytheway.mapbox-testTests";
				PRODUCT_NAME = "$(TARGET_NAME)";
				SDKROOT = auto;
				SUPPORTED_PLATFORMS = "iphoneos iphonesimulator macosx";
				SWIFT_EMIT_LOC_STRINGS = NO;
				SWIFT_VERSION = 5.0;
				TARGETED_DEVICE_FAMILY = "1,2";
				TEST_HOST = "$(BUILT_PRODUCTS_DIR)/mapbox-test.app/$(BUNDLE_EXECUTABLE_FOLDER_PATH)/mapbox-test";
			};
			name = Release;
		};
		74062B6229DC0BEE00546886 /* Debug */ = {
			isa = XCBuildConfiguration;
			buildSettings = {
				ALWAYS_EMBED_SWIFT_STANDARD_LIBRARIES = YES;
				CODE_SIGN_STYLE = Automatic;
				CURRENT_PROJECT_VERSION = 1;
				DEVELOPMENT_TEAM = Y8CEDURR83;
				GENERATE_INFOPLIST_FILE = YES;
				IPHONEOS_DEPLOYMENT_TARGET = 16.2;
				MACOSX_DEPLOYMENT_TARGET = 12.5;
				MARKETING_VERSION = 1.0;
				PRODUCT_BUNDLE_IDENTIFIER = "bytheway.mapbox-testUITests";
				PRODUCT_NAME = "$(TARGET_NAME)";
				SDKROOT = auto;
				SUPPORTED_PLATFORMS = "iphoneos iphonesimulator macosx";
				SWIFT_EMIT_LOC_STRINGS = NO;
				SWIFT_VERSION = 5.0;
				TARGETED_DEVICE_FAMILY = "1,2";
				TEST_TARGET_NAME = "mapbox-test";
			};
			name = Debug;
		};
		74062B6329DC0BEE00546886 /* Release */ = {
			isa = XCBuildConfiguration;
			buildSettings = {
				ALWAYS_EMBED_SWIFT_STANDARD_LIBRARIES = YES;
				CODE_SIGN_STYLE = Automatic;
				CURRENT_PROJECT_VERSION = 1;
				DEVELOPMENT_TEAM = Y8CEDURR83;
				GENERATE_INFOPLIST_FILE = YES;
				IPHONEOS_DEPLOYMENT_TARGET = 16.2;
				MACOSX_DEPLOYMENT_TARGET = 12.5;
				MARKETING_VERSION = 1.0;
				PRODUCT_BUNDLE_IDENTIFIER = "bytheway.mapbox-testUITests";
				PRODUCT_NAME = "$(TARGET_NAME)";
				SDKROOT = auto;
				SUPPORTED_PLATFORMS = "iphoneos iphonesimulator macosx";
				SWIFT_EMIT_LOC_STRINGS = NO;
				SWIFT_VERSION = 5.0;
				TARGETED_DEVICE_FAMILY = "1,2";
				TEST_TARGET_NAME = "mapbox-test";
			};
			name = Release;
		};
/* End XCBuildConfiguration section */

/* Begin XCConfigurationList section */
		74062B3129DC0BED00546886 /* Build configuration list for PBXProject "mapbox-test" */ = {
			isa = XCConfigurationList;
			buildConfigurations = (
				74062B5929DC0BEE00546886 /* Debug */,
				74062B5A29DC0BEE00546886 /* Release */,
			);
			defaultConfigurationIsVisible = 0;
			defaultConfigurationName = Release;
		};
		74062B5B29DC0BEE00546886 /* Build configuration list for PBXNativeTarget "mapbox-test" */ = {
			isa = XCConfigurationList;
			buildConfigurations = (
				74062B5C29DC0BEE00546886 /* Debug */,
				74062B5D29DC0BEE00546886 /* Release */,
			);
			defaultConfigurationIsVisible = 0;
			defaultConfigurationName = Release;
		};
		74062B5E29DC0BEE00546886 /* Build configuration list for PBXNativeTarget "mapbox-testTests" */ = {
			isa = XCConfigurationList;
			buildConfigurations = (
				74062B5F29DC0BEE00546886 /* Debug */,
				74062B6029DC0BEE00546886 /* Release */,
			);
			defaultConfigurationIsVisible = 0;
			defaultConfigurationName = Release;
		};
		74062B6129DC0BEE00546886 /* Build configuration list for PBXNativeTarget "mapbox-testUITests" */ = {
			isa = XCConfigurationList;
			buildConfigurations = (
				74062B6229DC0BEE00546886 /* Debug */,
				74062B6329DC0BEE00546886 /* Release */,
			);
			defaultConfigurationIsVisible = 0;
			defaultConfigurationName = Release;
		};
/* End XCConfigurationList section */

/* Begin XCRemoteSwiftPackageReference section */
		74B71FA829F280D800691BE0 /* XCRemoteSwiftPackageReference "ResizableSheet" */ = {
			isa = XCRemoteSwiftPackageReference;
			repositoryURL = "https://github.com/mtj0928/ResizableSheet.git";
			requirement = {
				kind = upToNextMajorVersion;
				minimumVersion = 0.0.5;
			};
		};
		74DFE37729DC232C00DE6AAA /* XCRemoteSwiftPackageReference "mapbox-maps-ios" */ = {
			isa = XCRemoteSwiftPackageReference;
			repositoryURL = "https://github.com/mapbox/mapbox-maps-ios.git";
			requirement = {
				kind = upToNextMinorVersion;
				minimumVersion = 10.12.2;
			};
		};
		74E692A529E4DCED00479126 /* XCRemoteSwiftPackageReference "PanModal" */ = {
			isa = XCRemoteSwiftPackageReference;
			repositoryURL = "https://github.com/slackhq/PanModal.git";
			requirement = {
				kind = upToNextMajorVersion;
				minimumVersion = 1.2.6;
			};
		};
/* End XCRemoteSwiftPackageReference section */

/* Begin XCSwiftPackageProductDependency section */
		74B71FA929F280D800691BE0 /* ResizableSheet */ = {
			isa = XCSwiftPackageProductDependency;
			package = 74B71FA829F280D800691BE0 /* XCRemoteSwiftPackageReference "ResizableSheet" */;
			productName = ResizableSheet;
		};
		74DFE37829DC232C00DE6AAA /* MapboxMaps */ = {
			isa = XCSwiftPackageProductDependency;
			package = 74DFE37729DC232C00DE6AAA /* XCRemoteSwiftPackageReference "mapbox-maps-ios" */;
			productName = MapboxMaps;
		};
		74E692A629E4DCED00479126 /* PanModal */ = {
			isa = XCSwiftPackageProductDependency;
			package = 74E692A529E4DCED00479126 /* XCRemoteSwiftPackageReference "PanModal" */;
			productName = PanModal;
		};
/* End XCSwiftPackageProductDependency section */
	};
	rootObject = 74062B2E29DC0BED00546886 /* Project object */;
}
